
Microsoft Visual Studio Solution File, Format Version 12.00
# Visual Studio 2013
VisualStudioVersion = 12.0.40629.0
MinimumVisualStudioVersion = 10.0.40219.1
Project("{FAE04EC0-301F-11D3-BF4B-00C04F79EFBC}") = "SingletonPattern", "SingletonPattern\SingletonPattern.csproj", "{C4A04C1B-E485-48C7-BDB3-51B2F788B682}"
EndProject
Global
	GlobalSection(SolutionConfigurationPlatforms) = preSolution
		Debug|Any CPU = Debug|Any CPU
		Release|Any CPU = Release|Any CPU
	EndGlobalSection
	GlobalSection(ProjectConfigurationPlatforms) = postSolution
		{C4A04C1B-E485-48C7-BDB3-51B2F788B682}.Debug|Any CPU.ActiveCfg = Debug|Any CPU
		{C4A04C1B-E485-48C7-BDB3-51B2F788B682}.Debug|Any CPU.Build.0 = Debug|Any CPU
		{C4A04C1B-E485-48C7-BDB3-51B2F788B682}.Release|Any CPU.ActiveCfg = Release|Any CPU
		{C4A04C1B-E485-48C7-BDB3-51B2F788B682}.Release|Any CPU.Build.0 = Release|Any CPU
	EndGlobalSection
	GlobalSection(SolutionProperties) = preSolution
		HideSolutionNode = FALSE
	EndGlobalSection
EndGlobal
